// !$*UTF8*$!
{
	archiveVersion = 1;
	classes = {
	};
	objectVersion = 46;
	objects = {

/* Begin PBXBuildFile section */
		200E719E1F0C298B006FF1AD /* TriangularGems.swift in Sources */ = {isa = PBXBuildFile; fileRef = 200E719D1F0C298B006FF1AD /* TriangularGems.swift */; };
		206243BF1F0C4D2A007A0D9D /* ExtraClasses.swift in Sources */ = {isa = PBXBuildFile; fileRef = 206243BE1F0C4D2A007A0D9D /* ExtraClasses.swift */; };
		20976D711F0B6DCE0040BEFE /* StoneIdols.swift in Sources */ = {isa = PBXBuildFile; fileRef = 20976D701F0B6DCE0040BEFE /* StoneIdols.swift */; };
		20976D731F0B83B30040BEFE /* SaphaticItems.swift in Sources */ = {isa = PBXBuildFile; fileRef = 20976D721F0B83B30040BEFE /* SaphaticItems.swift */; };
		20976D761F0B923C0040BEFE /* MessageUI.framework in Frameworks */ = {isa = PBXBuildFile; fileRef = 20976D751F0B923C0040BEFE /* MessageUI.framework */; };
		209C24F51F09409200BFA2AF /* HandicraftsPots.swift in Sources */ = {isa = PBXBuildFile; fileRef = 209C24F41F09409200BFA2AF /* HandicraftsPots.swift */; };
		209C24F71F0952B300BFA2AF /* handiSideBar.swift in Sources */ = {isa = PBXBuildFile; fileRef = 209C24F61F0952B300BFA2AF /* handiSideBar.swift */; };
		209C24F91F09530100BFA2AF /* HandiMultipleView.swift in Sources */ = {isa = PBXBuildFile; fileRef = 209C24F81F09530100BFA2AF /* HandiMultipleView.swift */; };
		20B893E01F0D3F3E009134A8 /* RudrakshaPopupView.swift in Sources */ = {isa = PBXBuildFile; fileRef = 20B893DF1F0D3F3E009134A8 /* RudrakshaPopupView.swift */; };
		20E406BB1F09237E001CAAED /* JapaMala.swift in Sources */ = {isa = PBXBuildFile; fileRef = 20E406BA1F09237E001CAAED /* JapaMala.swift */; };
		20EE00701F066A850080C3B5 /* SideBarRudraksh.swift in Sources */ = {isa = PBXBuildFile; fileRef = 20EE006F1F066A850080C3B5 /* SideBarRudraksh.swift */; };
		20EE00721F066D070080C3B5 /* RudrakshaGroup.swift in Sources */ = {isa = PBXBuildFile; fileRef = 20EE00711F066D070080C3B5 /* RudrakshaGroup.swift */; };
		20FC6A981F053A4600600578 /* AppDelegate.swift in Sources */ = {isa = PBXBuildFile; fileRef = 20FC6A971F053A4600600578 /* AppDelegate.swift */; };
		20FC6A9D1F053A4600600578 /* Main.storyboard in Resources */ = {isa = PBXBuildFile; fileRef = 20FC6A9B1F053A4600600578 /* Main.storyboard */; };
		20FC6A9F1F053A4600600578 /* Assets.xcassets in Resources */ = {isa = PBXBuildFile; fileRef = 20FC6A9E1F053A4600600578 /* Assets.xcassets */; };
		20FC6AA21F053A4600600578 /* LaunchScreen.storyboard in Resources */ = {isa = PBXBuildFile; fileRef = 20FC6AA01F053A4600600578 /* LaunchScreen.storyboard */; };
		20FC6AAB1F05438100600578 /* Gemselection.jpg in Resources */ = {isa = PBXBuildFile; fileRef = 20FC6AAA1F05438100600578 /* Gemselection.jpg */; };
		20FC6AAD1F054BE200600578 /* HomePage.swift in Sources */ = {isa = PBXBuildFile; fileRef = 20FC6AAC1F054BE200600578 /* HomePage.swift */; };
		20FC6AC01F05696A00600578 /* 1.JPG in Resources */ = {isa = PBXBuildFile; fileRef = 20FC6AB21F05696A00600578 /* 1.JPG */; };
		20FC6AC11F05696A00600578 /* 2.jpg in Resources */ = {isa = PBXBuildFile; fileRef = 20FC6AB31F05696A00600578 /* 2.jpg */; };
		20FC6AC21F05696A00600578 /* 3.jpg in Resources */ = {isa = PBXBuildFile; fileRef = 20FC6AB41F05696A00600578 /* 3.jpg */; };
		20FC6AC31F05696A00600578 /* 4.jpg in Resources */ = {isa = PBXBuildFile; fileRef = 20FC6AB51F05696A00600578 /* 4.jpg */; };
		20FC6AC41F05696A00600578 /* 5.jpg in Resources */ = {isa = PBXBuildFile; fileRef = 20FC6AB61F05696A00600578 /* 5.jpg */; };
		20FC6AC51F05696A00600578 /* 6.jpg in Resources */ = {isa = PBXBuildFile; fileRef = 20FC6AB71F05696A00600578 /* 6.jpg */; };
		20FC6AC61F05696A00600578 /* 7.jpg in Resources */ = {isa = PBXBuildFile; fileRef = 20FC6AB81F05696A00600578 /* 7.jpg */; };
		20FC6AC71F05696A00600578 /* 8.JPG in Resources */ = {isa = PBXBuildFile; fileRef = 20FC6AB91F05696A00600578 /* 8.JPG */; };
		20FC6AC81F05696A00600578 /* 9.jpg in Resources */ = {isa = PBXBuildFile; fileRef = 20FC6ABA1F05696A00600578 /* 9.jpg */; };
		20FC6AC91F05696A00600578 /* 10.jpg in Resources */ = {isa = PBXBuildFile; fileRef = 20FC6ABB1F05696A00600578 /* 10.jpg */; };
		20FC6ACA1F05696A00600578 /* 11.jpg in Resources */ = {isa = PBXBuildFile; fileRef = 20FC6ABC1F05696A00600578 /* 11.jpg */; };
		20FC6ACB1F05696A00600578 /* 12.jpg in Resources */ = {isa = PBXBuildFile; fileRef = 20FC6ABD1F05696A00600578 /* 12.jpg */; };
		20FC6ACC1F05696A00600578 /* 13.jpg in Resources */ = {isa = PBXBuildFile; fileRef = 20FC6ABE1F05696A00600578 /* 13.jpg */; };
		20FC6ACD1F05696A00600578 /* 14.jpg in Resources */ = {isa = PBXBuildFile; fileRef = 20FC6ABF1F05696A00600578 /* 14.jpg */; };
		20FC6AD21F056F8700600578 /* SWRevealViewController.m in Sources */ = {isa = PBXBuildFile; fileRef = 20FC6AD11F056F8700600578 /* SWRevealViewController.m */; };
		20FC6AD41F05719D00600578 /* SideBar.swift in Sources */ = {isa = PBXBuildFile; fileRef = 20FC6AD31F05719D00600578 /* SideBar.swift */; };
		4682B6DD1F12AF770083A8DC /* KavachView.swift in Sources */ = {isa = PBXBuildFile; fileRef = 4682B6DC1F12AF770083A8DC /* KavachView.swift */; };
		4682B6DF1F139DFC0083A8DC /* RightSideBAr.swift in Sources */ = {isa = PBXBuildFile; fileRef = 4682B6DE1F139DFC0083A8DC /* RightSideBAr.swift */; };
		4682B6E11F13A5690083A8DC /* RightPopUps.swift in Sources */ = {isa = PBXBuildFile; fileRef = 4682B6E01F13A5690083A8DC /* RightPopUps.swift */; };
		46BBAC3D1F113E7600F83A5A /* YantraGroup.swift in Sources */ = {isa = PBXBuildFile; fileRef = 46BBAC3C1F113E7600F83A5A /* YantraGroup.swift */; };
		46BBAC3F1F1177B400F83A5A /* YantraPopUp.swift in Sources */ = {isa = PBXBuildFile; fileRef = 46BBAC3E1F1177B400F83A5A /* YantraPopUp.swift */; };
		B246EA161F3F6EE20085E441 /* LoginViewController.swift in Sources */ = {isa = PBXBuildFile; fileRef = B246EA151F3F6EE20085E441 /* LoginViewController.swift */; };
		B28EB2241F3F677400A8620A /* GoogleService-Info.plist in Resources */ = {isa = PBXBuildFile; fileRef = B28EB2231F3F677400A8620A /* GoogleService-Info.plist */; };
		CA87B51A0A538588CE0B9F9D /* Pods_GemSelection.framework in Frameworks */ = {isa = PBXBuildFile; fileRef = 2BB69CFF650DDB1795DD976C /* Pods_GemSelection.framework */; };
/* End PBXBuildFile section */

/* Begin PBXFileReference section */
		200E719D1F0C298B006FF1AD /* TriangularGems.swift */ = {isa = PBXFileReference; fileEncoding = 4; lastKnownFileType = sourcecode.swift; path = TriangularGems.swift; sourceTree = "<group>"; };
		206243BE1F0C4D2A007A0D9D /* ExtraClasses.swift */ = {isa = PBXFileReference; fileEncoding = 4; lastKnownFileType = sourcecode.swift; name = ExtraClasses.swift; path = GemSelection/ExtraClasses.swift; sourceTree = "<group>"; };
		20976D701F0B6DCE0040BEFE /* StoneIdols.swift */ = {isa = PBXFileReference; fileEncoding = 4; lastKnownFileType = sourcecode.swift; path = StoneIdols.swift; sourceTree = "<group>"; };
		20976D721F0B83B30040BEFE /* SaphaticItems.swift */ = {isa = PBXFileReference; fileEncoding = 4; lastKnownFileType = sourcecode.swift; path = SaphaticItems.swift; sourceTree = "<group>"; };
		20976D751F0B923C0040BEFE /* MessageUI.framework */ = {isa = PBXFileReference; lastKnownFileType = wrapper.framework; name = MessageUI.framework; path = System/Library/Frameworks/MessageUI.framework; sourceTree = SDKROOT; };
		209C24F41F09409200BFA2AF /* HandicraftsPots.swift */ = {isa = PBXFileReference; fileEncoding = 4; lastKnownFileType = sourcecode.swift; path = HandicraftsPots.swift; sourceTree = "<group>"; };
		209C24F61F0952B300BFA2AF /* handiSideBar.swift */ = {isa = PBXFileReference; fileEncoding = 4; lastKnownFileType = sourcecode.swift; name = handiSideBar.swift; path = ../handiSideBar.swift; sourceTree = "<group>"; };
		209C24F81F09530100BFA2AF /* HandiMultipleView.swift */ = {isa = PBXFileReference; fileEncoding = 4; lastKnownFileType = sourcecode.swift; path = HandiMultipleView.swift; sourceTree = "<group>"; };
		20B893DF1F0D3F3E009134A8 /* RudrakshaPopupView.swift */ = {isa = PBXFileReference; fileEncoding = 4; lastKnownFileType = sourcecode.swift; path = RudrakshaPopupView.swift; sourceTree = "<group>"; };
		20E406BA1F09237E001CAAED /* JapaMala.swift */ = {isa = PBXFileReference; fileEncoding = 4; lastKnownFileType = sourcecode.swift; name = JapaMala.swift; path = ../JapaMala.swift; sourceTree = "<group>"; };
		20EE006F1F066A850080C3B5 /* SideBarRudraksh.swift */ = {isa = PBXFileReference; fileEncoding = 4; lastKnownFileType = sourcecode.swift; path = SideBarRudraksh.swift; sourceTree = "<group>"; };
		20EE00711F066D070080C3B5 /* RudrakshaGroup.swift */ = {isa = PBXFileReference; fileEncoding = 4; lastKnownFileType = sourcecode.swift; path = RudrakshaGroup.swift; sourceTree = "<group>"; };
		20FC6A941F053A4600600578 /* GemSelection.app */ = {isa = PBXFileReference; explicitFileType = wrapper.application; includeInIndex = 0; path = GemSelection.app; sourceTree = BUILT_PRODUCTS_DIR; };
		20FC6A971F053A4600600578 /* AppDelegate.swift */ = {isa = PBXFileReference; lastKnownFileType = sourcecode.swift; path = AppDelegate.swift; sourceTree = "<group>"; };
		20FC6A9C1F053A4600600578 /* Base */ = {isa = PBXFileReference; lastKnownFileType = file.storyboard; name = Base; path = Base.lproj/Main.storyboard; sourceTree = "<group>"; };
		20FC6A9E1F053A4600600578 /* Assets.xcassets */ = {isa = PBXFileReference; lastKnownFileType = folder.assetcatalog; path = Assets.xcassets; sourceTree = "<group>"; };
		20FC6AA11F053A4600600578 /* Base */ = {isa = PBXFileReference; lastKnownFileType = file.storyboard; name = Base; path = Base.lproj/LaunchScreen.storyboard; sourceTree = "<group>"; };
		20FC6AA31F053A4600600578 /* Info.plist */ = {isa = PBXFileReference; lastKnownFileType = text.plist.xml; name = Info.plist; path = GemSelection/Info.plist; sourceTree = "<group>"; };
		20FC6AAA1F05438100600578 /* Gemselection.jpg */ = {isa = PBXFileReference; lastKnownFileType = image.jpeg; path = Gemselection.jpg; sourceTree = "<group>"; };
		20FC6AAC1F054BE200600578 /* HomePage.swift */ = {isa = PBXFileReference; fileEncoding = 4; lastKnownFileType = sourcecode.swift; path = HomePage.swift; sourceTree = "<group>"; };
		20FC6AB21F05696A00600578 /* 1.JPG */ = {isa = PBXFileReference; lastKnownFileType = image.jpeg; path = 1.JPG; sourceTree = "<group>"; };
		20FC6AB31F05696A00600578 /* 2.jpg */ = {isa = PBXFileReference; lastKnownFileType = image.jpeg; path = 2.jpg; sourceTree = "<group>"; };
		20FC6AB41F05696A00600578 /* 3.jpg */ = {isa = PBXFileReference; lastKnownFileType = image.jpeg; path = 3.jpg; sourceTree = "<group>"; };
		20FC6AB51F05696A00600578 /* 4.jpg */ = {isa = PBXFileReference; lastKnownFileType = image.jpeg; path = 4.jpg; sourceTree = "<group>"; };
		20FC6AB61F05696A00600578 /* 5.jpg */ = {isa = PBXFileReference; lastKnownFileType = image.jpeg; path = 5.jpg; sourceTree = "<group>"; };
		20FC6AB71F05696A00600578 /* 6.jpg */ = {isa = PBXFileReference; lastKnownFileType = image.jpeg; path = 6.jpg; sourceTree = "<group>"; };
		20FC6AB81F05696A00600578 /* 7.jpg */ = {isa = PBXFileReference; lastKnownFileType = image.jpeg; path = 7.jpg; sourceTree = "<group>"; };
		20FC6AB91F05696A00600578 /* 8.JPG */ = {isa = PBXFileReference; lastKnownFileType = image.jpeg; path = 8.JPG; sourceTree = "<group>"; };
		20FC6ABA1F05696A00600578 /* 9.jpg */ = {isa = PBXFileReference; lastKnownFileType = image.jpeg; path = 9.jpg; sourceTree = "<group>"; };
		20FC6ABB1F05696A00600578 /* 10.jpg */ = {isa = PBXFileReference; lastKnownFileType = image.jpeg; path = 10.jpg; sourceTree = "<group>"; };
		20FC6ABC1F05696A00600578 /* 11.jpg */ = {isa = PBXFileReference; lastKnownFileType = image.jpeg; path = 11.jpg; sourceTree = "<group>"; };
		20FC6ABD1F05696A00600578 /* 12.jpg */ = {isa = PBXFileReference; lastKnownFileType = image.jpeg; path = 12.jpg; sourceTree = "<group>"; };
		20FC6ABE1F05696A00600578 /* 13.jpg */ = {isa = PBXFileReference; lastKnownFileType = image.jpeg; path = 13.jpg; sourceTree = "<group>"; };
		20FC6ABF1F05696A00600578 /* 14.jpg */ = {isa = PBXFileReference; lastKnownFileType = image.jpeg; path = 14.jpg; sourceTree = "<group>"; };
		20FC6ACF1F056F8700600578 /* GemSelection-Bridging-Header.h */ = {isa = PBXFileReference; lastKnownFileType = sourcecode.c.h; path = "GemSelection-Bridging-Header.h"; sourceTree = "<group>"; };
		20FC6AD01F056F8700600578 /* SWRevealViewController.h */ = {isa = PBXFileReference; fileEncoding = 4; lastKnownFileType = sourcecode.c.h; path = SWRevealViewController.h; sourceTree = "<group>"; };
		20FC6AD11F056F8700600578 /* SWRevealViewController.m */ = {isa = PBXFileReference; fileEncoding = 4; lastKnownFileType = sourcecode.c.objc; path = SWRevealViewController.m; sourceTree = "<group>"; };
		20FC6AD31F05719D00600578 /* SideBar.swift */ = {isa = PBXFileReference; fileEncoding = 4; lastKnownFileType = sourcecode.swift; path = SideBar.swift; sourceTree = "<group>"; };
		2BB69CFF650DDB1795DD976C /* Pods_GemSelection.framework */ = {isa = PBXFileReference; explicitFileType = wrapper.framework; includeInIndex = 0; path = Pods_GemSelection.framework; sourceTree = BUILT_PRODUCTS_DIR; };
		4682B6DC1F12AF770083A8DC /* KavachView.swift */ = {isa = PBXFileReference; fileEncoding = 4; lastKnownFileType = sourcecode.swift; path = KavachView.swift; sourceTree = "<group>"; };
		4682B6DE1F139DFC0083A8DC /* RightSideBAr.swift */ = {isa = PBXFileReference; fileEncoding = 4; lastKnownFileType = sourcecode.swift; path = RightSideBAr.swift; sourceTree = "<group>"; };
		4682B6E01F13A5690083A8DC /* RightPopUps.swift */ = {isa = PBXFileReference; fileEncoding = 4; lastKnownFileType = sourcecode.swift; path = RightPopUps.swift; sourceTree = "<group>"; };
		46BBAC3C1F113E7600F83A5A /* YantraGroup.swift */ = {isa = PBXFileReference; fileEncoding = 4; lastKnownFileType = sourcecode.swift; path = YantraGroup.swift; sourceTree = "<group>"; };
		46BBAC3E1F1177B400F83A5A /* YantraPopUp.swift */ = {isa = PBXFileReference; fileEncoding = 4; lastKnownFileType = sourcecode.swift; path = YantraPopUp.swift; sourceTree = "<group>"; };
		B246EA151F3F6EE20085E441 /* LoginViewController.swift */ = {isa = PBXFileReference; fileEncoding = 4; lastKnownFileType = sourcecode.swift; path = LoginViewController.swift; sourceTree = "<group>"; };
		B28EB2231F3F677400A8620A /* GoogleService-Info.plist */ = {isa = PBXFileReference; fileEncoding = 4; lastKnownFileType = text.plist.xml; path = "GoogleService-Info.plist"; sourceTree = "<group>"; };
		BE9025BF7FB764D269E23AFD /* Pods-GemSelection.debug.xcconfig */ = {isa = PBXFileReference; includeInIndex = 1; lastKnownFileType = text.xcconfig; name = "Pods-GemSelection.debug.xcconfig"; path = "Pods/Target Support Files/Pods-GemSelection/Pods-GemSelection.debug.xcconfig"; sourceTree = "<group>"; };
		DC2289D546559EC481BD631B /* Pods-GemSelection.release.xcconfig */ = {isa = PBXFileReference; includeInIndex = 1; lastKnownFileType = text.xcconfig; name = "Pods-GemSelection.release.xcconfig"; path = "Pods/Target Support Files/Pods-GemSelection/Pods-GemSelection.release.xcconfig"; sourceTree = "<group>"; };
/* End PBXFileReference section */

/* Begin PBXFrameworksBuildPhase section */
		20FC6A911F053A4600600578 /* Frameworks */ = {
			isa = PBXFrameworksBuildPhase;
			buildActionMask = 2147483647;
			files = (
				20976D761F0B923C0040BEFE /* MessageUI.framework in Frameworks */,
				CA87B51A0A538588CE0B9F9D /* Pods_GemSelection.framework in Frameworks */,
			);
			runOnlyForDeploymentPostprocessing = 0;
		};
/* End PBXFrameworksBuildPhase section */

/* Begin PBXGroup section */
		20976D741F0B923C0040BEFE /* Frameworks */ = {
			isa = PBXGroup;
			children = (
				20976D751F0B923C0040BEFE /* MessageUI.framework */,
				2BB69CFF650DDB1795DD976C /* Pods_GemSelection.framework */,
			);
			name = Frameworks;
			sourceTree = "<group>";
		};
		209C24FA1F09530F00BFA2AF /* Handicraft */ = {
			isa = PBXGroup;
			children = (
				209C24F61F0952B300BFA2AF /* handiSideBar.swift */,
				209C24F41F09409200BFA2AF /* HandicraftsPots.swift */,
				209C24F81F09530100BFA2AF /* HandiMultipleView.swift */,
			);
			name = Handicraft;
			path = GemSelection;
			sourceTree = "<group>";
		};
		209C24FB1F09532D00BFA2AF /* Rudraksha */ = {
			isa = PBXGroup;
			children = (
				20EE006F1F066A850080C3B5 /* SideBarRudraksh.swift */,
				20EE00711F066D070080C3B5 /* RudrakshaGroup.swift */,
				20B893DF1F0D3F3E009134A8 /* RudrakshaPopupView.swift */,
			);
			name = Rudraksha;
			path = GemSelection;
			sourceTree = "<group>";
		};
		20FC6A8B1F053A4600600578 = {
			isa = PBXGroup;
			children = (
				4697B6951F151E59003B001B /* ViewControllers */,
				20FC6A961F053A4600600578 /* GemSelection */,
				209C24FA1F09530F00BFA2AF /* Handicraft */,
				209C24FB1F09532D00BFA2AF /* Rudraksha */,
				20FC6A951F053A4600600578 /* Products */,
				20FC6ACE1F056F5F00600578 /* ReqFile */,
				20FC6AA91F05437100600578 /* pics */,
				20976D741F0B923C0040BEFE /* Frameworks */,
				E5094E2AB0BC72E34906251E /* Pods */,
			);
			sourceTree = "<group>";
		};
		20FC6A951F053A4600600578 /* Products */ = {
			isa = PBXGroup;
			children = (
				20FC6A941F053A4600600578 /* GemSelection.app */,
			);
			name = Products;
			sourceTree = "<group>";
		};
		20FC6A961F053A4600600578 /* GemSelection */ = {
			isa = PBXGroup;
			children = (
				20FC6A971F053A4600600578 /* AppDelegate.swift */,
				B246EA151F3F6EE20085E441 /* LoginViewController.swift */,
				20FC6A9B1F053A4600600578 /* Main.storyboard */,
				20FC6AA01F053A4600600578 /* LaunchScreen.storyboard */,
				20FC6A9E1F053A4600600578 /* Assets.xcassets */,
				20FC6AD31F05719D00600578 /* SideBar.swift */,
				4682B6DE1F139DFC0083A8DC /* RightSideBAr.swift */,
				4682B6E01F13A5690083A8DC /* RightPopUps.swift */,
			);
			path = GemSelection;
			sourceTree = "<group>";
		};
		20FC6AA91F05437100600578 /* pics */ = {
			isa = PBXGroup;
			children = (
				20FC6AAA1F05438100600578 /* Gemselection.jpg */,
				20FC6AB21F05696A00600578 /* 1.JPG */,
				20FC6AB31F05696A00600578 /* 2.jpg */,
				20FC6AB41F05696A00600578 /* 3.jpg */,
				20FC6AB51F05696A00600578 /* 4.jpg */,
				20FC6AB61F05696A00600578 /* 5.jpg */,
				20FC6AB71F05696A00600578 /* 6.jpg */,
				20FC6AB81F05696A00600578 /* 7.jpg */,
				20FC6AB91F05696A00600578 /* 8.JPG */,
				20FC6ABA1F05696A00600578 /* 9.jpg */,
				20FC6ABB1F05696A00600578 /* 10.jpg */,
				20FC6ABC1F05696A00600578 /* 11.jpg */,
				20FC6ABD1F05696A00600578 /* 12.jpg */,
				20FC6ABE1F05696A00600578 /* 13.jpg */,
				20FC6ABF1F05696A00600578 /* 14.jpg */,
			);
			name = pics;
			path = GemSelection;
			sourceTree = "<group>";
		};
		20FC6ACE1F056F5F00600578 /* ReqFile */ = {
			isa = PBXGroup;
			children = (
				206243BE1F0C4D2A007A0D9D /* ExtraClasses.swift */,
				20FC6AA31F053A4600600578 /* Info.plist */,
				B28EB2231F3F677400A8620A /* GoogleService-Info.plist */,
				20FC6AD01F056F8700600578 /* SWRevealViewController.h */,
				20FC6AD11F056F8700600578 /* SWRevealViewController.m */,
				20FC6ACF1F056F8700600578 /* GemSelection-Bridging-Header.h */,
			);
			name = ReqFile;
			sourceTree = "<group>";
		};
		4697B6951F151E59003B001B /* ViewControllers */ = {
			isa = PBXGroup;
			children = (
				20FC6AAC1F054BE200600578 /* HomePage.swift */,
				20E406BA1F09237E001CAAED /* JapaMala.swift */,
				20976D721F0B83B30040BEFE /* SaphaticItems.swift */,
				20976D701F0B6DCE0040BEFE /* StoneIdols.swift */,
				200E719D1F0C298B006FF1AD /* TriangularGems.swift */,
				46BBAC3E1F1177B400F83A5A /* YantraPopUp.swift */,
				46BBAC3C1F113E7600F83A5A /* YantraGroup.swift */,
				4682B6DC1F12AF770083A8DC /* KavachView.swift */,
			);
			name = ViewControllers;
			path = GemSelection;
			sourceTree = "<group>";
		};
		E5094E2AB0BC72E34906251E /* Pods */ = {
			isa = PBXGroup;
			children = (
				BE9025BF7FB764D269E23AFD /* Pods-GemSelection.debug.xcconfig */,
				DC2289D546559EC481BD631B /* Pods-GemSelection.release.xcconfig */,
			);
			name = Pods;
			sourceTree = "<group>";
		};
/* End PBXGroup section */

/* Begin PBXNativeTarget section */
		20FC6A931F053A4600600578 /* GemSelection */ = {
			isa = PBXNativeTarget;
			buildConfigurationList = 20FC6AA61F053A4600600578 /* Build configuration list for PBXNativeTarget "GemSelection" */;
			buildPhases = (
				D533DA982F4827659C6F7A18 /* [CP] Check Pods Manifest.lock */,
				20FC6A901F053A4600600578 /* Sources */,
				20FC6A911F053A4600600578 /* Frameworks */,
				20FC6A921F053A4600600578 /* Resources */,
				12F8A071534B701EC93D4365 /* [CP] Embed Pods Frameworks */,
				28990279233B2A471E8637F2 /* [CP] Copy Pods Resources */,
			);
			buildRules = (
			);
			dependencies = (
			);
			name = GemSelection;
			productName = GemSelection;
			productReference = 20FC6A941F053A4600600578 /* GemSelection.app */;
			productType = "com.apple.product-type.application";
		};
/* End PBXNativeTarget section */

/* Begin PBXProject section */
		20FC6A8C1F053A4600600578 /* Project object */ = {
			isa = PBXProject;
			attributes = {
				LastSwiftUpdateCheck = 0830;
				LastUpgradeCheck = 0830;
				ORGANIZATIONNAME = ITS;
				TargetAttributes = {
					20FC6A931F053A4600600578 = {
						CreatedOnToolsVersion = 8.3.3;
						DevelopmentTeam = BXJMU6MAWM;
						LastSwiftMigration = 0830;
						ProvisioningStyle = Automatic;
					};
				};
			};
			buildConfigurationList = 20FC6A8F1F053A4600600578 /* Build configuration list for PBXProject "GemSelection" */;
			compatibilityVersion = "Xcode 3.2";
			developmentRegion = English;
			hasScannedForEncodings = 0;
			knownRegions = (
				en,
				Base,
			);
			mainGroup = 20FC6A8B1F053A4600600578;
			productRefGroup = 20FC6A951F053A4600600578 /* Products */;
			projectDirPath = "";
			projectRoot = "";
			targets = (
				20FC6A931F053A4600600578 /* GemSelection */,
			);
		};
/* End PBXProject section */

/* Begin PBXResourcesBuildPhase section */
		20FC6A921F053A4600600578 /* Resources */ = {
			isa = PBXResourcesBuildPhase;
			buildActionMask = 2147483647;
			files = (
				20FC6ACD1F05696A00600578 /* 14.jpg in Resources */,
				20FC6ACA1F05696A00600578 /* 11.jpg in Resources */,
				20FC6AC81F05696A00600578 /* 9.jpg in Resources */,
				20FC6AC71F05696A00600578 /* 8.JPG in Resources */,
				20FC6AC61F05696A00600578 /* 7.jpg in Resources */,
				20FC6AC31F05696A00600578 /* 4.jpg in Resources */,
				20FC6ACC1F05696A00600578 /* 13.jpg in Resources */,
				20FC6AC11F05696A00600578 /* 2.jpg in Resources */,
				20FC6AA21F053A4600600578 /* LaunchScreen.storyboard in Resources */,
				20FC6AC41F05696A00600578 /* 5.jpg in Resources */,
				20FC6ACB1F05696A00600578 /* 12.jpg in Resources */,
				B28EB2241F3F677400A8620A /* GoogleService-Info.plist in Resources */,
				20FC6AC51F05696A00600578 /* 6.jpg in Resources */,
				20FC6AC91F05696A00600578 /* 10.jpg in Resources */,
				20FC6A9F1F053A4600600578 /* Assets.xcassets in Resources */,
				20FC6AC01F05696A00600578 /* 1.JPG in Resources */,
				20FC6AAB1F05438100600578 /* Gemselection.jpg in Resources */,
				20FC6AC21F05696A00600578 /* 3.jpg in Resources */,
				20FC6A9D1F053A4600600578 /* Main.storyboard in Resources */,
			);
			runOnlyForDeploymentPostprocessing = 0;
		};
/* End PBXResourcesBuildPhase section */

/* Begin PBXShellScriptBuildPhase section */
		12F8A071534B701EC93D4365 /* [CP] Embed Pods Frameworks */ = {
			isa = PBXShellScriptBuildPhase;
			buildActionMask = 2147483647;
			files = (
			);
			inputPaths = (
			);
			name = "[CP] Embed Pods Frameworks";
			outputPaths = (
			);
			runOnlyForDeploymentPostprocessing = 0;
			shellPath = /bin/sh;
			shellScript = "\"${SRCROOT}/Pods/Target Support Files/Pods-GemSelection/Pods-GemSelection-frameworks.sh\"\n";
			showEnvVarsInLog = 0;
		};
		28990279233B2A471E8637F2 /* [CP] Copy Pods Resources */ = {
			isa = PBXShellScriptBuildPhase;
			buildActionMask = 2147483647;
			files = (
			);
			inputPaths = (
			);
			name = "[CP] Copy Pods Resources";
			outputPaths = (
			);
			runOnlyForDeploymentPostprocessing = 0;
			shellPath = /bin/sh;
			shellScript = "\"${SRCROOT}/Pods/Target Support Files/Pods-GemSelection/Pods-GemSelection-resources.sh\"\n";
			showEnvVarsInLog = 0;
		};
		D533DA982F4827659C6F7A18 /* [CP] Check Pods Manifest.lock */ = {
			isa = PBXShellScriptBuildPhase;
			buildActionMask = 2147483647;
			files = (
			);
			inputPaths = (
			);
			name = "[CP] Check Pods Manifest.lock";
			outputPaths = (
			);
			runOnlyForDeploymentPostprocessing = 0;
			shellPath = /bin/sh;
			shellScript = "diff \"${PODS_PODFILE_DIR_PATH}/Podfile.lock\" \"${PODS_ROOT}/Manifest.lock\" > /dev/null\nif [ $? != 0 ] ; then\n    # print error to STDERR\n    echo \"error: The sandbox is not in sync with the Podfile.lock. Run 'pod install' or update your CocoaPods installation.\" >&2\n    exit 1\nfi\n";
			showEnvVarsInLog = 0;
		};
/* End PBXShellScriptBuildPhase section */

/* Begin PBXSourcesBuildPhase section */
		20FC6A901F053A4600600578 /* Sources */ = {
			isa = PBXSourcesBuildPhase;
			buildActionMask = 2147483647;
			files = (
				B246EA161F3F6EE20085E441 /* LoginViewController.swift in Sources */,
				20EE00701F066A850080C3B5 /* SideBarRudraksh.swift in Sources */,
				209C24F91F09530100BFA2AF /* HandiMultipleView.swift in Sources */,
				20976D711F0B6DCE0040BEFE /* StoneIdols.swift in Sources */,
				206243BF1F0C4D2A007A0D9D /* ExtraClasses.swift in Sources */,
				20FC6A981F053A4600600578 /* AppDelegate.swift in Sources */,
				20FC6AAD1F054BE200600578 /* HomePage.swift in Sources */,
				46BBAC3F1F1177B400F83A5A /* YantraPopUp.swift in Sources */,
				20FC6AD41F05719D00600578 /* SideBar.swift in Sources */,
				20FC6AD21F056F8700600578 /* SWRevealViewController.m in Sources */,
				4682B6E11F13A5690083A8DC /* RightPopUps.swift in Sources */,
				46BBAC3D1F113E7600F83A5A /* YantraGroup.swift in Sources */,
				209C24F51F09409200BFA2AF /* HandicraftsPots.swift in Sources */,
				20EE00721F066D070080C3B5 /* RudrakshaGroup.swift in Sources */,
				20976D731F0B83B30040BEFE /* SaphaticItems.swift in Sources */,
				20B893E01F0D3F3E009134A8 /* RudrakshaPopupView.swift in Sources */,
				209C24F71F0952B300BFA2AF /* handiSideBar.swift in Sources */,
				20E406BB1F09237E001CAAED /* JapaMala.swift in Sources */,
				4682B6DD1F12AF770083A8DC /* KavachView.swift in Sources */,
				4682B6DF1F139DFC0083A8DC /* RightSideBAr.swift in Sources */,
				200E719E1F0C298B006FF1AD /* TriangularGems.swift in Sources */,
			);
			runOnlyForDeploymentPostprocessing = 0;
		};
/* End PBXSourcesBuildPhase section */

/* Begin PBXVariantGroup section */
		20FC6A9B1F053A4600600578 /* Main.storyboard */ = {
			isa = PBXVariantGroup;
			children = (
				20FC6A9C1F053A4600600578 /* Base */,
			);
			name = Main.storyboard;
			sourceTree = "<group>";
		};
		20FC6AA01F053A4600600578 /* LaunchScreen.storyboard */ = {
			isa = PBXVariantGroup;
			children = (
				20FC6AA11F053A4600600578 /* Base */,
			);
			name = LaunchScreen.storyboard;
			sourceTree = "<group>";
		};
/* End PBXVariantGroup section */

/* Begin XCBuildConfiguration section */
		20FC6AA41F053A4600600578 /* Debug */ = {
			isa = XCBuildConfiguration;
			buildSettings = {
				ALWAYS_SEARCH_USER_PATHS = NO;
				CLANG_ANALYZER_NONNULL = YES;
				CLANG_ANALYZER_NUMBER_OBJECT_CONVERSION = YES_AGGRESSIVE;
				CLANG_CXX_LANGUAGE_STANDARD = "gnu++0x";
				CLANG_CXX_LIBRARY = "libc++";
				CLANG_ENABLE_MODULES = YES;
				CLANG_ENABLE_OBJC_ARC = YES;
				CLANG_WARN_BOOL_CONVERSION = YES;
				CLANG_WARN_CONSTANT_CONVERSION = YES;
				CLANG_WARN_DIRECT_OBJC_ISA_USAGE = YES_ERROR;
				CLANG_WARN_DOCUMENTATION_COMMENTS = YES;
				CLANG_WARN_EMPTY_BODY = YES;
				CLANG_WARN_ENUM_CONVERSION = YES;
				CLANG_WARN_INFINITE_RECURSION = YES;
				CLANG_WARN_INT_CONVERSION = YES;
				CLANG_WARN_OBJC_ROOT_CLASS = YES_ERROR;
				CLANG_WARN_SUSPICIOUS_MOVE = YES;
				CLANG_WARN_UNREACHABLE_CODE = YES;
				CLANG_WARN__DUPLICATE_METHOD_MATCH = YES;
				"CODE_SIGN_IDENTITY[sdk=iphoneos*]" = "iPhone Developer";
				COPY_PHASE_STRIP = NO;
				DEBUG_INFORMATION_FORMAT = dwarf;
				ENABLE_STRICT_OBJC_MSGSEND = YES;
				ENABLE_TESTABILITY = YES;
				GCC_C_LANGUAGE_STANDARD = gnu99;
				GCC_DYNAMIC_NO_PIC = NO;
				GCC_NO_COMMON_BLOCKS = YES;
				GCC_OPTIMIZATION_LEVEL = 0;
				GCC_PREPROCESSOR_DEFINITIONS = (
					"DEBUG=1",
					"$(inherited)",
				);
				GCC_WARN_64_TO_32_BIT_CONVERSION = YES;
				GCC_WARN_ABOUT_RETURN_TYPE = YES_ERROR;
				GCC_WARN_UNDECLARED_SELECTOR = YES;
				GCC_WARN_UNINITIALIZED_AUTOS = YES_AGGRESSIVE;
				GCC_WARN_UNUSED_FUNCTION = YES;
				GCC_WARN_UNUSED_VARIABLE = YES;
				IPHONEOS_DEPLOYMENT_TARGET = 10.0;
				MTL_ENABLE_DEBUG_INFO = YES;
				ONLY_ACTIVE_ARCH = YES;
				SDKROOT = iphoneos;
				SWIFT_ACTIVE_COMPILATION_CONDITIONS = DEBUG;
				SWIFT_OPTIMIZATION_LEVEL = "-Onone";
				TARGETED_DEVICE_FAMILY = "1,2";
			};
			name = Debug;
		};
		20FC6AA51F053A4600600578 /* Release */ = {
			isa = XCBuildConfiguration;
			buildSettings = {
				ALWAYS_SEARCH_USER_PATHS = NO;
				CLANG_ANALYZER_NONNULL = YES;
				CLANG_ANALYZER_NUMBER_OBJECT_CONVERSION = YES_AGGRESSIVE;
				CLANG_CXX_LANGUAGE_STANDARD = "gnu++0x";
				CLANG_CXX_LIBRARY = "libc++";
				CLANG_ENABLE_MODULES = YES;
				CLANG_ENABLE_OBJC_ARC = YES;
				CLANG_WARN_BOOL_CONVERSION = YES;
				CLANG_WARN_CONSTANT_CONVERSION = YES;
				CLANG_WARN_DIRECT_OBJC_ISA_USAGE = YES_ERROR;
				CLANG_WARN_DOCUMENTATION_COMMENTS = YES;
				CLANG_WARN_EMPTY_BODY = YES;
				CLANG_WARN_ENUM_CONVERSION = YES;
				CLANG_WARN_INFINITE_RECURSION = YES;
				CLANG_WARN_INT_CONVERSION = YES;
				CLANG_WARN_OBJC_ROOT_CLASS = YES_ERROR;
				CLANG_WARN_SUSPICIOUS_MOVE = YES;
				CLANG_WARN_UNREACHABLE_CODE = YES;
				CLANG_WARN__DUPLICATE_METHOD_MATCH = YES;
				"CODE_SIGN_IDENTITY[sdk=iphoneos*]" = "iPhone Developer";
				COPY_PHASE_STRIP = NO;
				DEBUG_INFORMATION_FORMAT = "dwarf-with-dsym";
				ENABLE_NS_ASSERTIONS = NO;
				ENABLE_STRICT_OBJC_MSGSEND = YES;
				GCC_C_LANGUAGE_STANDARD = gnu99;
				GCC_NO_COMMON_BLOCKS = YES;
				GCC_WARN_64_TO_32_BIT_CONVERSION = YES;
				GCC_WARN_ABOUT_RETURN_TYPE = YES_ERROR;
				GCC_WARN_UNDECLARED_SELECTOR = YES;
				GCC_WARN_UNINITIALIZED_AUTOS = YES_AGGRESSIVE;
				GCC_WARN_UNUSED_FUNCTION = YES;
				GCC_WARN_UNUSED_VARIABLE = YES;
				IPHONEOS_DEPLOYMENT_TARGET = 10.0;
				MTL_ENABLE_DEBUG_INFO = NO;
				SDKROOT = iphoneos;
				SWIFT_OPTIMIZATION_LEVEL = "-Owholemodule";
				TARGETED_DEVICE_FAMILY = "1,2";
				VALIDATE_PRODUCT = YES;
			};
			name = Release;
		};
		20FC6AA71F053A4600600578 /* Debug */ = {
			isa = XCBuildConfiguration;
			baseConfigurationReference = BE9025BF7FB764D269E23AFD /* Pods-GemSelection.debug.xcconfig */;
			buildSettings = {
				ASSETCATALOG_COMPILER_APPICON_NAME = AppIcon;
				CLANG_ENABLE_MODULES = YES;
				DEVELOPMENT_TEAM = BXJMU6MAWM;
				INFOPLIST_FILE = GemSelection/Info.plist;
				IPHONEOS_DEPLOYMENT_TARGET = 10.0;
				LD_RUNPATH_SEARCH_PATHS = "$(inherited) @executable_path/Frameworks";
				PRODUCT_BUNDLE_IDENTIFIER = com.atlas.GemSelection;
				PRODUCT_NAME = "$(TARGET_NAME)";
				SWIFT_OBJC_BRIDGING_HEADER = "GemSelection-Bridging-Header.h";
				SWIFT_OPTIMIZATION_LEVEL = "-Onone";
				SWIFT_VERSION = 3.0;
			};
			name = Debug;
		};
		20FC6AA81F053A4600600578 /* Release */ = {
			isa = XCBuildConfiguration;
			baseConfigurationReference = DC2289D546559EC481BD631B /* Pods-GemSelection.release.xcconfig */;
			buildSettings = {
				ASSETCATALOG_COMPILER_APPICON_NAME = AppIcon;
				CLANG_ENABLE_MODULES = YES;
				DEVELOPMENT_TEAM = BXJMU6MAWM;
				INFOPLIST_FILE = GemSelection/Info.plist;
				IPHONEOS_DEPLOYMENT_TARGET = 10.0;
				LD_RUNPATH_SEARCH_PATHS = "$(inherited) @executable_path/Frameworks";
				PRODUCT_BUNDLE_IDENTIFIER = com.atlas.GemSelection;
				PRODUCT_NAME = "$(TARGET_NAME)";
				SWIFT_OBJC_BRIDGING_HEADER = "GemSelection-Bridging-Header.h";
				SWIFT_VERSION = 3.0;
			};
			name = Release;
		};
/* End XCBuildConfiguration section */

/* Begin XCConfigurationList section */
		20FC6A8F1F053A4600600578 /* Build configuration list for PBXProject "GemSelection" */ = {
			isa = XCConfigurationList;
			buildConfigurations = (
				20FC6AA41F053A4600600578 /* Debug */,
				20FC6AA51F053A4600600578 /* Release */,
			);
			defaultConfigurationIsVisible = 0;
			defaultConfigurationName = Release;
		};
		20FC6AA61F053A4600600578 /* Build configuration list for PBXNativeTarget "GemSelection" */ = {
			isa = XCConfigurationList;
			buildConfigurations = (
				20FC6AA71F053A4600600578 /* Debug */,
				20FC6AA81F053A4600600578 /* Release */,
			);
			defaultConfigurationIsVisible = 0;
			defaultConfigurationName = Release;
		};
/* End XCConfigurationList section */
	};
	rootObject = 20FC6A8C1F053A4600600578 /* Project object */;
}
